
Microsoft Visual Studio Solution File, Format Version 12.00
# Visual Studio Version 17
VisualStudioVersion = 17.2.32616.157
MinimumVisualStudioVersion = 10.0.40219.1
Project("{FAE04EC0-301F-11D3-BF4B-00C04F79EFBC}") = "Practices", "Practices\Practices.csproj", "{43BE2C0B-C4CD-47A3-AFEA-32CC432E9F85}"
EndProject
Project("{2150E333-8FDC-42A3-9474-1A3956D46DE8}") = "Элементы решения", "Элементы решения", "{8403B592-1F95-4751-92F9-ECB2E5AB717D}"
	ProjectSection(SolutionItems) = preProject
		.gitignore = .gitignore
		README.md = README.md
	EndProjectSection
EndProject
Project("{FAE04EC0-301F-11D3-BF4B-00C04F79EFBC}") = "Practices.Tests", "Practices.Tests\Practices.Tests.csproj", "{FAC8AB1A-7738-4B8F-88FA-DBF9D82F6C0B}"
EndProject
Global
	GlobalSection(SolutionConfigurationPlatforms) = preSolution
		Debug|Any CPU = Debug|Any CPU
		Release|Any CPU = Release|Any CPU
	EndGlobalSection
	GlobalSection(ProjectConfigurationPlatforms) = postSolution
		{43BE2C0B-C4CD-47A3-AFEA-32CC432E9F85}.Debug|Any CPU.ActiveCfg = Debug|Any CPU
		{43BE2C0B-C4CD-47A3-AFEA-32CC432E9F85}.Debug|Any CPU.Build.0 = Debug|Any CPU
		{43BE2C0B-C4CD-47A3-AFEA-32CC432E9F85}.Release|Any CPU.ActiveCfg = Release|Any CPU
		{43BE2C0B-C4CD-47A3-AFEA-32CC432E9F85}.Release|Any CPU.Build.0 = Release|Any CPU
		{FAC8AB1A-7738-4B8F-88FA-DBF9D82F6C0B}.Debug|Any CPU.ActiveCfg = Debug|Any CPU
		{FAC8AB1A-7738-4B8F-88FA-DBF9D82F6C0B}.Debug|Any CPU.Build.0 = Debug|Any CPU
		{FAC8AB1A-7738-4B8F-88FA-DBF9D82F6C0B}.Release|Any CPU.ActiveCfg = Release|Any CPU
		{FAC8AB1A-7738-4B8F-88FA-DBF9D82F6C0B}.Release|Any CPU.Build.0 = Release|Any CPU
	EndGlobalSection
	GlobalSection(SolutionProperties) = preSolution
		HideSolutionNode = FALSE
	EndGlobalSection
	GlobalSection(ExtensibilityGlobals) = postSolution
		SolutionGuid = {329A8C3E-B909-4E63-9C20-25602D4DFD89}
	EndGlobalSection
EndGlobal
